
Microsoft Visual Studio Solution File, Format Version 12.00
# Visual Studio Version 16
VisualStudioVersion = 16.0.34114.132
MinimumVisualStudioVersion = 10.0.40219.1
Project("{FAE04EC0-301F-11D3-BF4B-00C04F79EFBC}") = "LRMDataManager", "LRMDataManager\LRMDataManager.csproj", "{2E507C70-CEE9-4F1E-A899-42D017E31554}"
EndProject
Project("{00D1A9C2-B5F0-4AF3-8072-F6C62B433612}") = "LRMData", "LRMData\LRMData.sqlproj", "{996217D0-D9D4-4E3F-83A9-FCC6F798B988}"
EndProject
Project("{FAE04EC0-301F-11D3-BF4B-00C04F79EFBC}") = "LRMDesktopUI", "LRMDesktopUI\LRMDesktopUI.csproj", "{F3CA00B8-DA31-47AB-B810-3A202A403D77}"
EndProject
Global
	GlobalSection(SolutionConfigurationPlatforms) = preSolution
		Debug|Any CPU = Debug|Any CPU
		Release|Any CPU = Release|Any CPU
	EndGlobalSection
	GlobalSection(ProjectConfigurationPlatforms) = postSolution
		{2E507C70-CEE9-4F1E-A899-42D017E31554}.Debug|Any CPU.ActiveCfg = Debug|Any CPU
		{2E507C70-CEE9-4F1E-A899-42D017E31554}.Debug|Any CPU.Build.0 = Debug|Any CPU
		{2E507C70-CEE9-4F1E-A899-42D017E31554}.Release|Any CPU.ActiveCfg = Release|Any CPU
		{2E507C70-CEE9-4F1E-A899-42D017E31554}.Release|Any CPU.Build.0 = Release|Any CPU
		{996217D0-D9D4-4E3F-83A9-FCC6F798B988}.Debug|Any CPU.ActiveCfg = Debug|Any CPU
		{996217D0-D9D4-4E3F-83A9-FCC6F798B988}.Debug|Any CPU.Build.0 = Debug|Any CPU
		{996217D0-D9D4-4E3F-83A9-FCC6F798B988}.Debug|Any CPU.Deploy.0 = Debug|Any CPU
		{996217D0-D9D4-4E3F-83A9-FCC6F798B988}.Release|Any CPU.ActiveCfg = Release|Any CPU
		{996217D0-D9D4-4E3F-83A9-FCC6F798B988}.Release|Any CPU.Build.0 = Release|Any CPU
		{996217D0-D9D4-4E3F-83A9-FCC6F798B988}.Release|Any CPU.Deploy.0 = Release|Any CPU
		{F3CA00B8-DA31-47AB-B810-3A202A403D77}.Debug|Any CPU.ActiveCfg = Debug|Any CPU
		{F3CA00B8-DA31-47AB-B810-3A202A403D77}.Debug|Any CPU.Build.0 = Debug|Any CPU
		{F3CA00B8-DA31-47AB-B810-3A202A403D77}.Release|Any CPU.ActiveCfg = Release|Any CPU
		{F3CA00B8-DA31-47AB-B810-3A202A403D77}.Release|Any CPU.Build.0 = Release|Any CPU
	EndGlobalSection
	GlobalSection(SolutionProperties) = preSolution
		HideSolutionNode = FALSE
	EndGlobalSection
	GlobalSection(ExtensibilityGlobals) = postSolution
		SolutionGuid = {E2CE9B55-1B5A-4F39-810F-979196972F4E}
	EndGlobalSection
EndGlobal
